{
  "name": "onchromeos",
  "version": "1.0.0",
  "lockfileVersion": 3,
  "requires": true,
  "packages": {
    "": {
      "devDependencies": {
        "@lhci/cli": "^0.14.0"
      }
    },
    "node_modules/@lhci/cli": {
      "version": "0.14.0",
      "resolved": "https://registry.npmjs.org/@lhci/cli/-/cli-0.14.0.tgz",
      "integrity": "sha512-PLACEHOLDER",
      "dev": true
    }
  }
}
